
Microsoft Visual Studio Solution File, Format Version 12.00
# Visual Studio Version 17
VisualStudioVersion = 17.10.35027.167
MinimumVisualStudioVersion = 10.0.40219.1
Project("{FAE04EC0-301F-11D3-BF4B-00C04F79EFBC}") = "ShekruLabs_Task", "ShekruLabs_Task\ShekruLabs_Task.csproj", "{2630CF13-DAB0-4346-A46A-64A88811550B}"
EndProject
Global
	GlobalSection(SolutionConfigurationPlatforms) = preSolution
		Debug|Any CPU = Debug|Any CPU
		Release|Any CPU = Release|Any CPU
	EndGlobalSection
	GlobalSection(ProjectConfigurationPlatforms) = postSolution
		{2630CF13-DAB0-4346-A46A-64A88811550B}.Debug|Any CPU.ActiveCfg = Debug|Any CPU
		{2630CF13-DAB0-4346-A46A-64A88811550B}.Debug|Any CPU.Build.0 = Debug|Any CPU
		{2630CF13-DAB0-4346-A46A-64A88811550B}.Release|Any CPU.ActiveCfg = Release|Any CPU
		{2630CF13-DAB0-4346-A46A-64A88811550B}.Release|Any CPU.Build.0 = Release|Any CPU
	EndGlobalSection
	GlobalSection(SolutionProperties) = preSolution
		HideSolutionNode = FALSE
	EndGlobalSection
	GlobalSection(ExtensibilityGlobals) = postSolution
		SolutionGuid = {8643684A-8B13-426A-8CCE-F7A49C2A3F95}
	EndGlobalSection
EndGlobal
